// !$*UTF8*$!
{
	archiveVersion = 1;
	classes = {
	};
	objectVersion = 56;
	objects = {

/* Begin PBXBuildFile section */
		31020B4C2C9B8E4900FF3530 /* config-ai-model1-download.json in Resources */ = {isa = PBXBuildFile; fileRef = 31020B472C9B8E4900FF3530 /* config-ai-model1-download.json */; };
		31020B4D2C9B8E4900FF3530 /* config-developer-id-token in Resources */ = {isa = PBXBuildFile; fileRef = 31020B482C9B8E4900FF3530 /* config-developer-id-token */; };
		31020B4E2C9B8E4900FF3530 /* config-mimik-ai-use-case-url in Resources */ = {isa = PBXBuildFile; fileRef = 31020B4B2C9B8E4900FF3530 /* config-mimik-ai-use-case-url */; };
		31020B4F2C9B8E4900FF3530 /* config-developer-mim-OE-license in Resources */ = {isa = PBXBuildFile; fileRef = 31020B492C9B8E4900FF3530 /* config-developer-mim-OE-license */; };
		31020B502C9B8E4900FF3530 /* config-mimik-ai-use-case-api-key in Resources */ = {isa = PBXBuildFile; fileRef = 31020B4A2C9B8E4900FF3530 /* config-mimik-ai-use-case-api-key */; };
		310311732C2375C5000FBC94 /* SheetView.swift in Sources */ = {isa = PBXBuildFile; fileRef = 310311722C2375C5000FBC94 /* SheetView.swift */; };
		311717B92C3C853B00065300 /* LoadConfig.swift in Sources */ = {isa = PBXBuildFile; fileRef = 311717B82C3C853B00065300 /* LoadConfig.swift */; };
		3124B5242C2203130081246C /* WhiteBorderTextFieldModifier.swift in Sources */ = {isa = PBXBuildFile; fileRef = 3124B5222C2203130081246C /* WhiteBorderTextFieldModifier.swift */; };
		3124B5292C22339A0081246C /* ContentView+mim-OE.swift in Sources */ = {isa = PBXBuildFile; fileRef = 3124B5282C22339A0081246C /* ContentView+mim-OE.swift */; };
		312851232CD2CDBB00CDF527 /* SheetView+Presets.swift in Sources */ = {isa = PBXBuildFile; fileRef = 312851222CD2CDB800CDF527 /* SheetView+Presets.swift */; };
		317F4A312C10CCF3006F5F5F /* aichat_app_iOSApp.swift in Sources */ = {isa = PBXBuildFile; fileRef = 317F4A302C10CCF3006F5F5F /* aichat_app_iOSApp.swift */; };
		317F4A332C10CCF3006F5F5F /* ContentView.swift in Sources */ = {isa = PBXBuildFile; fileRef = 317F4A322C10CCF3006F5F5F /* ContentView.swift */; };
		317F4A352C10CCF4006F5F5F /* Assets.xcassets in Resources */ = {isa = PBXBuildFile; fileRef = 317F4A342C10CCF4006F5F5F /* Assets.xcassets */; };
		317F4A382C10CCF4006F5F5F /* Preview Assets.xcassets in Resources */ = {isa = PBXBuildFile; fileRef = 317F4A372C10CCF4006F5F5F /* Preview Assets.xcassets */; };
		3196205A2CD27C2D00ADE960 /* config-ai-model2-download.json in Resources */ = {isa = PBXBuildFile; fileRef = 319620592CD27C2D00ADE960 /* config-ai-model2-download.json */; };
		31C1EEB32C519EA00029E436 /* ContentView+UI-Labels.swift in Sources */ = {isa = PBXBuildFile; fileRef = 31C1EEB22C519EA00029E436 /* ContentView+UI-Labels.swift */; };
		31C1EEB52C519F840029E436 /* ContentView+AI.swift in Sources */ = {isa = PBXBuildFile; fileRef = 31C1EEB42C519F840029E436 /* ContentView+AI.swift */; };
/* End PBXBuildFile section */

/* Begin PBXFileReference section */
		31020B472C9B8E4900FF3530 /* config-ai-model1-download.json */ = {isa = PBXFileReference; lastKnownFileType = text.json; path = "config-ai-model1-download.json"; sourceTree = "<group>"; };
		31020B482C9B8E4900FF3530 /* config-developer-id-token */ = {isa = PBXFileReference; lastKnownFileType = text; path = "config-developer-id-token"; sourceTree = "<group>"; };
		31020B492C9B8E4900FF3530 /* config-developer-mim-OE-license */ = {isa = PBXFileReference; lastKnownFileType = text; path = "config-developer-mim-OE-license"; sourceTree = "<group>"; };
		31020B4A2C9B8E4900FF3530 /* config-mimik-ai-use-case-api-key */ = {isa = PBXFileReference; lastKnownFileType = text; path = "config-mimik-ai-use-case-api-key"; sourceTree = "<group>"; };
		31020B4B2C9B8E4900FF3530 /* config-mimik-ai-use-case-url */ = {isa = PBXFileReference; lastKnownFileType = text; path = "config-mimik-ai-use-case-url"; sourceTree = "<group>"; };
		310311722C2375C5000FBC94 /* SheetView.swift */ = {isa = PBXFileReference; fileEncoding = 4; lastKnownFileType = sourcecode.swift; path = SheetView.swift; sourceTree = "<group>"; };
		311717B82C3C853B00065300 /* LoadConfig.swift */ = {isa = PBXFileReference; lastKnownFileType = sourcecode.swift; path = LoadConfig.swift; sourceTree = "<group>"; };
		3124B5222C2203130081246C /* WhiteBorderTextFieldModifier.swift */ = {isa = PBXFileReference; fileEncoding = 4; lastKnownFileType = sourcecode.swift; path = WhiteBorderTextFieldModifier.swift; sourceTree = "<group>"; };
		3124B5282C22339A0081246C /* ContentView+mim-OE.swift */ = {isa = PBXFileReference; fileEncoding = 4; lastKnownFileType = sourcecode.swift; path = "ContentView+mim-OE.swift"; sourceTree = "<group>"; };
		312851222CD2CDB800CDF527 /* SheetView+Presets.swift */ = {isa = PBXFileReference; lastKnownFileType = sourcecode.swift; path = "SheetView+Presets.swift"; sourceTree = "<group>"; };
		317F4A2D2C10CCF3006F5F5F /* mimik-ai-chat.app */ = {isa = PBXFileReference; explicitFileType = wrapper.application; includeInIndex = 0; path = "mimik-ai-chat.app"; sourceTree = BUILT_PRODUCTS_DIR; };
		317F4A302C10CCF3006F5F5F /* aichat_app_iOSApp.swift */ = {isa = PBXFileReference; lastKnownFileType = sourcecode.swift; path = aichat_app_iOSApp.swift; sourceTree = "<group>"; };
		317F4A322C10CCF3006F5F5F /* ContentView.swift */ = {isa = PBXFileReference; lastKnownFileType = sourcecode.swift; path = ContentView.swift; sourceTree = "<group>"; };
		317F4A342C10CCF4006F5F5F /* Assets.xcassets */ = {isa = PBXFileReference; lastKnownFileType = folder.assetcatalog; path = Assets.xcassets; sourceTree = "<group>"; };
		317F4A372C10CCF4006F5F5F /* Preview Assets.xcassets */ = {isa = PBXFileReference; lastKnownFileType = folder.assetcatalog; path = "Preview Assets.xcassets"; sourceTree = "<group>"; };
		319620592CD27C2D00ADE960 /* config-ai-model2-download.json */ = {isa = PBXFileReference; lastKnownFileType = text.json; path = "config-ai-model2-download.json"; sourceTree = "<group>"; };
		31C1EEB22C519EA00029E436 /* ContentView+UI-Labels.swift */ = {isa = PBXFileReference; lastKnownFileType = sourcecode.swift; path = "ContentView+UI-Labels.swift"; sourceTree = "<group>"; };
		31C1EEB42C519F840029E436 /* ContentView+AI.swift */ = {isa = PBXFileReference; lastKnownFileType = sourcecode.swift; path = "ContentView+AI.swift"; sourceTree = "<group>"; };
		31D383022C24BAEE002CE163 /* Info.plist */ = {isa = PBXFileReference; lastKnownFileType = text.plist.xml; path = Info.plist; sourceTree = "<group>"; };
/* End PBXFileReference section */

/* Begin PBXFrameworksBuildPhase section */
		317F4A2A2C10CCF3006F5F5F /* Frameworks */ = {
			isa = PBXFrameworksBuildPhase;
			buildActionMask = 2147483647;
			files = (
			);
			runOnlyForDeploymentPostprocessing = 0;
		};
/* End PBXFrameworksBuildPhase section */

/* Begin PBXGroup section */
		317F4A242C10CCF3006F5F5F = {
			isa = PBXGroup;
			children = (
				31020B482C9B8E4900FF3530 /* config-developer-id-token */,
				31020B492C9B8E4900FF3530 /* config-developer-mim-OE-license */,
				31020B4A2C9B8E4900FF3530 /* config-mimik-ai-use-case-api-key */,
				31020B4B2C9B8E4900FF3530 /* config-mimik-ai-use-case-url */,
				31020B472C9B8E4900FF3530 /* config-ai-model1-download.json */,
				319620592CD27C2D00ADE960 /* config-ai-model2-download.json */,
				317F4A2F2C10CCF3006F5F5F /* mimik-ai-chat */,
				317F4A2E2C10CCF3006F5F5F /* Products */,
			);
			sourceTree = "<group>";
		};
		317F4A2E2C10CCF3006F5F5F /* Products */ = {
			isa = PBXGroup;
			children = (
				317F4A2D2C10CCF3006F5F5F /* mimik-ai-chat.app */,
			);
			name = Products;
			sourceTree = "<group>";
		};
		317F4A2F2C10CCF3006F5F5F /* mimik-ai-chat */ = {
			isa = PBXGroup;
			children = (
				317F4A322C10CCF3006F5F5F /* ContentView.swift */,
				3124B5282C22339A0081246C /* ContentView+mim-OE.swift */,
				31C1EEB42C519F840029E436 /* ContentView+AI.swift */,
				31C1EEB22C519EA00029E436 /* ContentView+UI-Labels.swift */,
				310311722C2375C5000FBC94 /* SheetView.swift */,
				312851222CD2CDB800CDF527 /* SheetView+Presets.swift */,
				311717B82C3C853B00065300 /* LoadConfig.swift */,
				3124B5222C2203130081246C /* WhiteBorderTextFieldModifier.swift */,
				317F4A302C10CCF3006F5F5F /* aichat_app_iOSApp.swift */,
				31D383022C24BAEE002CE163 /* Info.plist */,
				317F4A342C10CCF4006F5F5F /* Assets.xcassets */,
				317F4A362C10CCF4006F5F5F /* Preview Content */,
			);
			path = "mimik-ai-chat";
			sourceTree = "<group>";
		};
		317F4A362C10CCF4006F5F5F /* Preview Content */ = {
			isa = PBXGroup;
			children = (
				317F4A372C10CCF4006F5F5F /* Preview Assets.xcassets */,
			);
			path = "Preview Content";
			sourceTree = "<group>";
		};
/* End PBXGroup section */

/* Begin PBXNativeTarget section */
		317F4A2C2C10CCF3006F5F5F /* mimik-ai-chat */ = {
			isa = PBXNativeTarget;
			buildConfigurationList = 317F4A3B2C10CCF4006F5F5F /* Build configuration list for PBXNativeTarget "mimik-ai-chat" */;
			buildPhases = (
				317F4A292C10CCF3006F5F5F /* Sources */,
				317F4A2A2C10CCF3006F5F5F /* Frameworks */,
				317F4A2B2C10CCF3006F5F5F /* Resources */,
			);
			buildRules = (
			);
			dependencies = (
			);
			name = "mimik-ai-chat";
			productName = "aichat-app-iOS";
			productReference = 317F4A2D2C10CCF3006F5F5F /* mimik-ai-chat.app */;
			productType = "com.apple.product-type.application";
		};
/* End PBXNativeTarget section */

/* Begin PBXProject section */
		317F4A252C10CCF3006F5F5F /* Project object */ = {
			isa = PBXProject;
			attributes = {
				BuildIndependentTargetsInParallel = 1;
				LastSwiftUpdateCheck = 1530;
				LastUpgradeCheck = 1530;
				TargetAttributes = {
					317F4A2C2C10CCF3006F5F5F = {
						CreatedOnToolsVersion = 15.3;
					};
				};
			};
			buildConfigurationList = 317F4A282C10CCF3006F5F5F /* Build configuration list for PBXProject "mimik-ai-chat" */;
			compatibilityVersion = "Xcode 14.0";
			developmentRegion = en;
			hasScannedForEncodings = 0;
			knownRegions = (
				en,
				Base,
			);
			mainGroup = 317F4A242C10CCF3006F5F5F;
			productRefGroup = 317F4A2E2C10CCF3006F5F5F /* Products */;
			projectDirPath = "";
			projectRoot = "";
			targets = (
				317F4A2C2C10CCF3006F5F5F /* mimik-ai-chat */,
			);
		};
/* End PBXProject section */

/* Begin PBXResourcesBuildPhase section */
		317F4A2B2C10CCF3006F5F5F /* Resources */ = {
			isa = PBXResourcesBuildPhase;
			buildActionMask = 2147483647;
			files = (
				3196205A2CD27C2D00ADE960 /* config-ai-model2-download.json in Resources */,
				31020B4C2C9B8E4900FF3530 /* config-ai-model1-download.json in Resources */,
				31020B4D2C9B8E4900FF3530 /* config-developer-id-token in Resources */,
				31020B4E2C9B8E4900FF3530 /* config-mimik-ai-use-case-url in Resources */,
				31020B4F2C9B8E4900FF3530 /* config-developer-mim-OE-license in Resources */,
				31020B502C9B8E4900FF3530 /* config-mimik-ai-use-case-api-key in Resources */,
				317F4A382C10CCF4006F5F5F /* Preview Assets.xcassets in Resources */,
				317F4A352C10CCF4006F5F5F /* Assets.xcassets in Resources */,
			);
			runOnlyForDeploymentPostprocessing = 0;
		};
/* End PBXResourcesBuildPhase section */

/* Begin PBXSourcesBuildPhase section */
		317F4A292C10CCF3006F5F5F /* Sources */ = {
			isa = PBXSourcesBuildPhase;
			buildActionMask = 2147483647;
			files = (
				3124B5242C2203130081246C /* WhiteBorderTextFieldModifier.swift in Sources */,
				31C1EEB52C519F840029E436 /* ContentView+AI.swift in Sources */,
				311717B92C3C853B00065300 /* LoadConfig.swift in Sources */,
				312851232CD2CDBB00CDF527 /* SheetView+Presets.swift in Sources */,
				317F4A332C10CCF3006F5F5F /* ContentView.swift in Sources */,
				317F4A312C10CCF3006F5F5F /* aichat_app_iOSApp.swift in Sources */,
				3124B5292C22339A0081246C /* ContentView+mim-OE.swift in Sources */,
				310311732C2375C5000FBC94 /* SheetView.swift in Sources */,
				31C1EEB32C519EA00029E436 /* ContentView+UI-Labels.swift in Sources */,
			);
			runOnlyForDeploymentPostprocessing = 0;
		};
/* End PBXSourcesBuildPhase section */

/* Begin XCBuildConfiguration section */
		317F4A392C10CCF4006F5F5F /* Debug */ = {
			isa = XCBuildConfiguration;
			buildSettings = {
				ALWAYS_SEARCH_USER_PATHS = NO;
				ASSETCATALOG_COMPILER_GENERATE_SWIFT_ASSET_SYMBOL_EXTENSIONS = YES;
				CLANG_ANALYZER_NONNULL = YES;
				CLANG_ANALYZER_NUMBER_OBJECT_CONVERSION = YES_AGGRESSIVE;
				CLANG_CXX_LANGUAGE_STANDARD = "gnu++20";
				CLANG_ENABLE_MODULES = YES;
				CLANG_ENABLE_OBJC_ARC = YES;
				CLANG_ENABLE_OBJC_WEAK = YES;
				CLANG_WARN_BLOCK_CAPTURE_AUTORELEASING = YES;
				CLANG_WARN_BOOL_CONVERSION = YES;
				CLANG_WARN_COMMA = YES;
				CLANG_WARN_CONSTANT_CONVERSION = YES;
				CLANG_WARN_DEPRECATED_OBJC_IMPLEMENTATIONS = YES;
				CLANG_WARN_DIRECT_OBJC_ISA_USAGE = YES_ERROR;
				CLANG_WARN_DOCUMENTATION_COMMENTS = YES;
				CLANG_WARN_EMPTY_BODY = YES;
				CLANG_WARN_ENUM_CONVERSION = YES;
				CLANG_WARN_INFINITE_RECURSION = YES;
				CLANG_WARN_INT_CONVERSION = YES;
				CLANG_WARN_NON_LITERAL_NULL_CONVERSION = YES;
				CLANG_WARN_OBJC_IMPLICIT_RETAIN_SELF = YES;
				CLANG_WARN_OBJC_LITERAL_CONVERSION = YES;
				CLANG_WARN_OBJC_ROOT_CLASS = YES_ERROR;
				CLANG_WARN_QUOTED_INCLUDE_IN_FRAMEWORK_HEADER = YES;
				CLANG_WARN_RANGE_LOOP_ANALYSIS = YES;
				CLANG_WARN_STRICT_PROTOTYPES = YES;
				CLANG_WARN_SUSPICIOUS_MOVE = YES;
				CLANG_WARN_UNGUARDED_AVAILABILITY = YES_AGGRESSIVE;
				CLANG_WARN_UNREACHABLE_CODE = YES;
				CLANG_WARN__DUPLICATE_METHOD_MATCH = YES;
				COPY_PHASE_STRIP = NO;
				DEBUG_INFORMATION_FORMAT = dwarf;
				ENABLE_STRICT_OBJC_MSGSEND = YES;
				ENABLE_TESTABILITY = YES;
				ENABLE_USER_SCRIPT_SANDBOXING = NO;
				GCC_C_LANGUAGE_STANDARD = gnu17;
				GCC_DYNAMIC_NO_PIC = NO;
				GCC_NO_COMMON_BLOCKS = YES;
				GCC_OPTIMIZATION_LEVEL = 0;
				GCC_PREPROCESSOR_DEFINITIONS = (
					"DEBUG=1",
					"$(inherited)",
				);
				GCC_WARN_64_TO_32_BIT_CONVERSION = YES;
				GCC_WARN_ABOUT_RETURN_TYPE = YES_ERROR;
				GCC_WARN_UNDECLARED_SELECTOR = YES;
				GCC_WARN_UNINITIALIZED_AUTOS = YES_AGGRESSIVE;
				GCC_WARN_UNUSED_FUNCTION = YES;
				GCC_WARN_UNUSED_VARIABLE = YES;
				IPHONEOS_DEPLOYMENT_TARGET = 17.0;
				LOCALIZATION_PREFERS_STRING_CATALOGS = YES;
				MACOSX_DEPLOYMENT_TARGET = 14.0;
				MTL_ENABLE_DEBUG_INFO = INCLUDE_SOURCE;
				MTL_FAST_MATH = YES;
				ONLY_ACTIVE_ARCH = YES;
				SDKROOT = iphoneos;
				SWIFT_ACTIVE_COMPILATION_CONDITIONS = "DEBUG $(inherited)";
				SWIFT_OPTIMIZATION_LEVEL = "-Onone";
				SWIFT_STRICT_CONCURRENCY = minimal;
				SWIFT_UPCOMING_FEATURE_CONCISE_MAGIC_FILE = YES;
				SWIFT_UPCOMING_FEATURE_DEPRECATE_APPLICATION_MAIN = YES;
				SWIFT_UPCOMING_FEATURE_DISABLE_OUTWARD_ACTOR_ISOLATION = YES;
				SWIFT_UPCOMING_FEATURE_EXISTENTIAL_ANY = YES;
				SWIFT_UPCOMING_FEATURE_FORWARD_TRAILING_CLOSURES = YES;
				SWIFT_UPCOMING_FEATURE_GLOBAL_CONCURRENCY = YES;
				SWIFT_UPCOMING_FEATURE_IMPLICIT_OPEN_EXISTENTIALS = YES;
				SWIFT_UPCOMING_FEATURE_IMPORT_OBJC_FORWARD_DECLS = YES;
				SWIFT_UPCOMING_FEATURE_INFER_SENDABLE_FROM_CAPTURES = YES;
				SWIFT_UPCOMING_FEATURE_INTERNAL_IMPORTS_BY_DEFAULT = YES;
				SWIFT_UPCOMING_FEATURE_ISOLATED_DEFAULT_VALUES = YES;
				TVOS_DEPLOYMENT_TARGET = 17.0;
				WATCHOS_DEPLOYMENT_TARGET = 10.0;
				XROS_DEPLOYMENT_TARGET = 1.1;
			};
			name = Debug;
		};
		317F4A3A2C10CCF4006F5F5F /* Release */ = {
			isa = XCBuildConfiguration;
			buildSettings = {
				ALWAYS_SEARCH_USER_PATHS = NO;
				ASSETCATALOG_COMPILER_GENERATE_SWIFT_ASSET_SYMBOL_EXTENSIONS = YES;
				CLANG_ANALYZER_NONNULL = YES;
				CLANG_ANALYZER_NUMBER_OBJECT_CONVERSION = YES_AGGRESSIVE;
				CLANG_CXX_LANGUAGE_STANDARD = "gnu++20";
				CLANG_ENABLE_MODULES = YES;
				CLANG_ENABLE_OBJC_ARC = YES;
				CLANG_ENABLE_OBJC_WEAK = YES;
				CLANG_WARN_BLOCK_CAPTURE_AUTORELEASING = YES;
				CLANG_WARN_BOOL_CONVERSION = YES;
				CLANG_WARN_COMMA = YES;
				CLANG_WARN_CONSTANT_CONVERSION = YES;
				CLANG_WARN_DEPRECATED_OBJC_IMPLEMENTATIONS = YES;
				CLANG_WARN_DIRECT_OBJC_ISA_USAGE = YES_ERROR;
				CLANG_WARN_DOCUMENTATION_COMMENTS = YES;
				CLANG_WARN_EMPTY_BODY = YES;
				CLANG_WARN_ENUM_CONVERSION = YES;
				CLANG_WARN_INFINITE_RECURSION = YES;
				CLANG_WARN_INT_CONVERSION = YES;
				CLANG_WARN_NON_LITERAL_NULL_CONVERSION = YES;
				CLANG_WARN_OBJC_IMPLICIT_RETAIN_SELF = YES;
				CLANG_WARN_OBJC_LITERAL_CONVERSION = YES;
				CLANG_WARN_OBJC_ROOT_CLASS = YES_ERROR;
				CLANG_WARN_QUOTED_INCLUDE_IN_FRAMEWORK_HEADER = YES;
				CLANG_WARN_RANGE_LOOP_ANALYSIS = YES;
				CLANG_WARN_STRICT_PROTOTYPES = YES;
				CLANG_WARN_SUSPICIOUS_MOVE = YES;
				CLANG_WARN_UNGUARDED_AVAILABILITY = YES_AGGRESSIVE;
				CLANG_WARN_UNREACHABLE_CODE = YES;
				CLANG_WARN__DUPLICATE_METHOD_MATCH = YES;
				COPY_PHASE_STRIP = NO;
				DEBUG_INFORMATION_FORMAT = "dwarf-with-dsym";
				ENABLE_NS_ASSERTIONS = NO;
				ENABLE_STRICT_OBJC_MSGSEND = YES;
				ENABLE_USER_SCRIPT_SANDBOXING = NO;
				GCC_C_LANGUAGE_STANDARD = gnu17;
				GCC_NO_COMMON_BLOCKS = YES;
				GCC_WARN_64_TO_32_BIT_CONVERSION = YES;
				GCC_WARN_ABOUT_RETURN_TYPE = YES_ERROR;
				GCC_WARN_UNDECLARED_SELECTOR = YES;
				GCC_WARN_UNINITIALIZED_AUTOS = YES_AGGRESSIVE;
				GCC_WARN_UNUSED_FUNCTION = YES;
				GCC_WARN_UNUSED_VARIABLE = YES;
				IPHONEOS_DEPLOYMENT_TARGET = 17.0;
				LOCALIZATION_PREFERS_STRING_CATALOGS = YES;
				MACOSX_DEPLOYMENT_TARGET = 14.0;
				MTL_ENABLE_DEBUG_INFO = NO;
				MTL_FAST_MATH = YES;
				SDKROOT = iphoneos;
				SWIFT_COMPILATION_MODE = wholemodule;
				SWIFT_STRICT_CONCURRENCY = minimal;
				SWIFT_UPCOMING_FEATURE_CONCISE_MAGIC_FILE = YES;
				SWIFT_UPCOMING_FEATURE_DEPRECATE_APPLICATION_MAIN = YES;
				SWIFT_UPCOMING_FEATURE_DISABLE_OUTWARD_ACTOR_ISOLATION = YES;
				SWIFT_UPCOMING_FEATURE_EXISTENTIAL_ANY = YES;
				SWIFT_UPCOMING_FEATURE_FORWARD_TRAILING_CLOSURES = YES;
				SWIFT_UPCOMING_FEATURE_GLOBAL_CONCURRENCY = YES;
				SWIFT_UPCOMING_FEATURE_IMPLICIT_OPEN_EXISTENTIALS = YES;
				SWIFT_UPCOMING_FEATURE_IMPORT_OBJC_FORWARD_DECLS = YES;
				SWIFT_UPCOMING_FEATURE_INFER_SENDABLE_FROM_CAPTURES = YES;
				SWIFT_UPCOMING_FEATURE_INTERNAL_IMPORTS_BY_DEFAULT = YES;
				SWIFT_UPCOMING_FEATURE_ISOLATED_DEFAULT_VALUES = YES;
				TVOS_DEPLOYMENT_TARGET = 17.0;
				VALIDATE_PRODUCT = YES;
				WATCHOS_DEPLOYMENT_TARGET = 10.0;
				XROS_DEPLOYMENT_TARGET = 1.1;
			};
			name = Release;
		};
		317F4A3C2C10CCF4006F5F5F /* Debug */ = {
			isa = XCBuildConfiguration;
			buildSettings = {
				ASSETCATALOG_COMPILER_APPICON_NAME = AppIcon;
				ASSETCATALOG_COMPILER_GLOBAL_ACCENT_COLOR_NAME = AccentColor;
				CODE_SIGN_STYLE = Automatic;
				CURRENT_PROJECT_VERSION = 1;
				DEVELOPMENT_ASSET_PATHS = "\"mimik-ai-chat/Preview Content\"";
				DEVELOPMENT_TEAM = GL288K3PB5;
				ENABLE_PREVIEWS = YES;
				ENABLE_USER_SCRIPT_SANDBOXING = NO;
				GENERATE_INFOPLIST_FILE = YES;
				INFOPLIST_FILE = "mimik-ai-chat/Info.plist";
				INFOPLIST_KEY_UIApplicationSceneManifest_Generation = YES;
				INFOPLIST_KEY_UIApplicationSupportsIndirectInputEvents = YES;
				INFOPLIST_KEY_UILaunchScreen_Generation = YES;
				INFOPLIST_KEY_UISupportedInterfaceOrientations_iPad = "UIInterfaceOrientationPortrait UIInterfaceOrientationPortraitUpsideDown UIInterfaceOrientationLandscapeLeft UIInterfaceOrientationLandscapeRight";
				INFOPLIST_KEY_UISupportedInterfaceOrientations_iPhone = "UIInterfaceOrientationPortrait UIInterfaceOrientationLandscapeLeft UIInterfaceOrientationLandscapeRight";
				LD_RUNPATH_SEARCH_PATHS = (
					"$(inherited)",
					"@executable_path/Frameworks",
				);
				MARKETING_VERSION = 1.0;
				PRODUCT_BUNDLE_IDENTIFIER = "com.mimik.ios-ai-chat";
				PRODUCT_NAME = "$(TARGET_NAME)";
				SWIFT_EMIT_LOC_STRINGS = YES;
				SWIFT_VERSION = 5.0;
				TARGETED_DEVICE_FAMILY = "1,2";
			};
			name = Debug;
		};
		317F4A3D2C10CCF4006F5F5F /* Release */ = {
			isa = XCBuildConfiguration;
			buildSettings = {
				ASSETCATALOG_COMPILER_APPICON_NAME = AppIcon;
				ASSETCATALOG_COMPILER_GLOBAL_ACCENT_COLOR_NAME = AccentColor;
				CODE_SIGN_STYLE = Automatic;
				CURRENT_PROJECT_VERSION = 1;
				DEVELOPMENT_ASSET_PATHS = "\"mimik-ai-chat/Preview Content\"";
				DEVELOPMENT_TEAM = GL288K3PB5;
				ENABLE_PREVIEWS = YES;
				ENABLE_USER_SCRIPT_SANDBOXING = NO;
				GENERATE_INFOPLIST_FILE = YES;
				INFOPLIST_FILE = "mimik-ai-chat/Info.plist";
				INFOPLIST_KEY_UIApplicationSceneManifest_Generation = YES;
				INFOPLIST_KEY_UIApplicationSupportsIndirectInputEvents = YES;
				INFOPLIST_KEY_UILaunchScreen_Generation = YES;
				INFOPLIST_KEY_UISupportedInterfaceOrientations_iPad = "UIInterfaceOrientationPortrait UIInterfaceOrientationPortraitUpsideDown UIInterfaceOrientationLandscapeLeft UIInterfaceOrientationLandscapeRight";
				INFOPLIST_KEY_UISupportedInterfaceOrientations_iPhone = "UIInterfaceOrientationPortrait UIInterfaceOrientationLandscapeLeft UIInterfaceOrientationLandscapeRight";
				LD_RUNPATH_SEARCH_PATHS = (
					"$(inherited)",
					"@executable_path/Frameworks",
				);
				MARKETING_VERSION = 1.0;
				PRODUCT_BUNDLE_IDENTIFIER = "com.mimik.ios-ai-chat";
				PRODUCT_NAME = "$(TARGET_NAME)";
				SWIFT_EMIT_LOC_STRINGS = YES;
				SWIFT_VERSION = 5.0;
				TARGETED_DEVICE_FAMILY = "1,2";
			};
			name = Release;
		};
/* End XCBuildConfiguration section */

/* Begin XCConfigurationList section */
		317F4A282C10CCF3006F5F5F /* Build configuration list for PBXProject "mimik-ai-chat" */ = {
			isa = XCConfigurationList;
			buildConfigurations = (
				317F4A392C10CCF4006F5F5F /* Debug */,
				317F4A3A2C10CCF4006F5F5F /* Release */,
			);
			defaultConfigurationIsVisible = 0;
			defaultConfigurationName = Release;
		};
		317F4A3B2C10CCF4006F5F5F /* Build configuration list for PBXNativeTarget "mimik-ai-chat" */ = {
			isa = XCConfigurationList;
			buildConfigurations = (
				317F4A3C2C10CCF4006F5F5F /* Debug */,
				317F4A3D2C10CCF4006F5F5F /* Release */,
			);
			defaultConfigurationIsVisible = 0;
			defaultConfigurationName = Release;
		};
/* End XCConfigurationList section */
	};
	rootObject = 317F4A252C10CCF3006F5F5F /* Project object */;
}
