// !$*UTF8*$!
{
	archiveVersion = 1;
	classes = {
	};
	objectVersion = 56;
	objects = {

/* Begin PBXBuildFile section */
		31020B4C2C9B8E4900FF3530 /* config-model-05-gemma11.json in Resources */ = {isa = PBXBuildFile; fileRef = 31020B472C9B8E4900FF3530 /* config-model-05-gemma11.json */; };
		31020B4D2C9B8E4900FF3530 /* config-developer-id-token in Resources */ = {isa = PBXBuildFile; fileRef = 31020B482C9B8E4900FF3530 /* config-developer-id-token */; };
		31020B4F2C9B8E4900FF3530 /* config-developer-mim-OE-license in Resources */ = {isa = PBXBuildFile; fileRef = 31020B492C9B8E4900FF3530 /* config-developer-mim-OE-license */; };
		31020B502C9B8E4900FF3530 /* config-mimik-ai-use-case-api-key in Resources */ = {isa = PBXBuildFile; fileRef = 31020B4A2C9B8E4900FF3530 /* config-mimik-ai-use-case-api-key */; };
		310311732C2375C5000FBC94 /* AddModelView.swift in Sources */ = {isa = PBXBuildFile; fileRef = 310311722C2375C5000FBC94 /* AddModelView.swift */; };
		310784B92E037CC500E200DA /* TokenInputView.swift in Sources */ = {isa = PBXBuildFile; fileRef = 310784B82E037CC500E200DA /* TokenInputView.swift */; };
		310F15722DA444EC00DDD8D1 /* ColourText.swift in Sources */ = {isa = PBXBuildFile; fileRef = 310F15712DA444EC00DDD8D1 /* ColourText.swift */; };
		310F15742DA4564100DDD8D1 /* ModelButton.swift in Sources */ = {isa = PBXBuildFile; fileRef = 310F15732DA4564100DDD8D1 /* ModelButton.swift */; };
		310F15782DA468B700DDD8D1 /* LabeledTextField.swift in Sources */ = {isa = PBXBuildFile; fileRef = 310F15772DA468B700DDD8D1 /* LabeledTextField.swift */; };
		310F211B2E1878B200280D7B /* TokenInputStackView.swift in Sources */ = {isa = PBXBuildFile; fileRef = 310F211A2E1878B200280D7B /* TokenInputStackView.swift */; };
		3117D93E2D8E052A009D329F /* Extensions.swift in Sources */ = {isa = PBXBuildFile; fileRef = 3117D93D2D8E052A009D329F /* Extensions.swift */; };
		3117D9402D8E09F8009D329F /* TopTitleStackView.swift in Sources */ = {isa = PBXBuildFile; fileRef = 3117D93F2D8E09F8009D329F /* TopTitleStackView.swift */; };
		3117D9422D8E0D56009D329F /* ChatMessagesView.swift in Sources */ = {isa = PBXBuildFile; fileRef = 3117D9412D8E0D56009D329F /* ChatMessagesView.swift */; };
		3117D9462D8E0D9C009D329F /* GradientMessageView.swift in Sources */ = {isa = PBXBuildFile; fileRef = 3117D9452D8E0D9C009D329F /* GradientMessageView.swift */; };
		31211A1D2D9DA7A400CEB964 /* ModelService.swift in Sources */ = {isa = PBXBuildFile; fileRef = 31211A1C2D9DA7A400CEB964 /* ModelService.swift */; };
		31233BF62D9C515F0037E342 /* AppState.swift in Sources */ = {isa = PBXBuildFile; fileRef = 31233BF52D9C515F0037E342 /* AppState.swift */; };
		3124B5242C2203130081246C /* BorderTextFieldModifier.swift in Sources */ = {isa = PBXBuildFile; fileRef = 3124B5222C2203130081246C /* BorderTextFieldModifier.swift */; };
		31328FF42E2AAA6500C5246D /* ModelService+Services.swift in Sources */ = {isa = PBXBuildFile; fileRef = 31328FF32E2AAA6500C5246D /* ModelService+Services.swift */; };
		3132EACA2D88D5B100024720 /* FileTypeCategory.swift in Sources */ = {isa = PBXBuildFile; fileRef = 3132EAC92D88D5B100024720 /* FileTypeCategory.swift */; };
		314C52F62D665D4500249984 /* ConfigService.swift in Sources */ = {isa = PBXBuildFile; fileRef = 314C52F52D665D4500249984 /* ConfigService.swift */; };
		314DBF622E0DEE1100D3DEBF /* KeyboardAdaptive.swift in Sources */ = {isa = PBXBuildFile; fileRef = 314DBF612E0DEE1100D3DEBF /* KeyboardAdaptive.swift */; };
		31629A4D2D8A1B67004F8243 /* PhotoPicker.swift in Sources */ = {isa = PBXBuildFile; fileRef = 31629A4C2D8A1B67004F8243 /* PhotoPicker.swift */; };
		31629A512D8A2784004F8243 /* InputOptionsView.swift in Sources */ = {isa = PBXBuildFile; fileRef = 31629A502D8A2784004F8243 /* InputOptionsView.swift */; };
		31629A532D8A2A28004F8243 /* MenuViewPrompt.swift in Sources */ = {isa = PBXBuildFile; fileRef = 31629A522D8A2A28004F8243 /* MenuViewPrompt.swift */; };
		316764282D8B45ED004D7441 /* BottomStackView.swift in Sources */ = {isa = PBXBuildFile; fileRef = 316764272D8B45ED004D7441 /* BottomStackView.swift */; };
		3167642A2D8B462A004D7441 /* BottomUserInputView.swift in Sources */ = {isa = PBXBuildFile; fileRef = 316764292D8B462A004D7441 /* BottomUserInputView.swift */; };
		316EE3C12D91FEB600087316 /* MetallicText.swift in Sources */ = {isa = PBXBuildFile; fileRef = 316EE3C02D91FEB600087316 /* MetallicText.swift */; };
		31701DB12E0B1F6B00AABF64 /* ModelService+Streams.swift in Sources */ = {isa = PBXBuildFile; fileRef = 31701DB02E0B1F6B00AABF64 /* ModelService+Streams.swift */; };
		3179E40D2E26CDDD00EB2A58 /* ServiceDropdownPicker.swift in Sources */ = {isa = PBXBuildFile; fileRef = 3179E40C2E26CDDD00EB2A58 /* ServiceDropdownPicker.swift */; };
		317F4A312C10CCF3006F5F5F /* aichat_app_iOSApp.swift in Sources */ = {isa = PBXBuildFile; fileRef = 317F4A302C10CCF3006F5F5F /* aichat_app_iOSApp.swift */; };
		317F4A332C10CCF3006F5F5F /* ContentView.swift in Sources */ = {isa = PBXBuildFile; fileRef = 317F4A322C10CCF3006F5F5F /* ContentView.swift */; };
		317F4A352C10CCF4006F5F5F /* Assets.xcassets in Resources */ = {isa = PBXBuildFile; fileRef = 317F4A342C10CCF4006F5F5F /* Assets.xcassets */; };
		317F4A382C10CCF4006F5F5F /* Preview Assets.xcassets in Resources */ = {isa = PBXBuildFile; fileRef = 317F4A372C10CCF4006F5F5F /* Preview Assets.xcassets */; };
		3196205A2CD27C2D00ADE960 /* config-model-04-gemma2b.json in Resources */ = {isa = PBXBuildFile; fileRef = 319620592CD27C2D00ADE960 /* config-model-04-gemma2b.json */; };
		31A007052D91BFF800A88B0F /* CustomBackgroundModifier.swift in Sources */ = {isa = PBXBuildFile; fileRef = 31A007042D91BFF800A88B0F /* CustomBackgroundModifier.swift */; };
		31A853402D2DAB8C00E6983D /* config-model-03-llama3b.json in Resources */ = {isa = PBXBuildFile; fileRef = 31A8533E2D2DAB8C00E6983D /* config-model-03-llama3b.json */; };
		31A853412D2DAB8C00E6983D /* config-model-01-mistral7b.json in Resources */ = {isa = PBXBuildFile; fileRef = 31A8533F2D2DAB8C00E6983D /* config-model-01-mistral7b.json */; };
		31D4A97A2D39BA0300639FA1 /* config-model-02-llava7b.json in Resources */ = {isa = PBXBuildFile; fileRef = 31D4A9792D39BA0300639FA1 /* config-model-02-llava7b.json */; };
		31DA27132D834D8800540C89 /* milm-v1-1.9.1.tar in Resources */ = {isa = PBXBuildFile; fileRef = 31DA27122D834D8800540C89 /* milm-v1-1.9.1.tar */; };
		31DA27EE2D834F0800540C89 /* mimik-ai-use-case-config.json in Resources */ = {isa = PBXBuildFile; fileRef = 31DA27ED2D834F0800540C89 /* mimik-ai-use-case-config.json */; };
		31DFA6DE2E09FED7004AEAAB /* ModelService+Prompt.swift in Sources */ = {isa = PBXBuildFile; fileRef = 31DFA6DD2E09FED7004AEAAB /* ModelService+Prompt.swift */; };
		31E2825C2E1C38B800D846C2 /* AxisLayout.swift in Sources */ = {isa = PBXBuildFile; fileRef = 31E2825B2E1C38B800D846C2 /* AxisLayout.swift */; };
		31E2825E2E1C429D00D846C2 /* MenuViewValidation.swift in Sources */ = {isa = PBXBuildFile; fileRef = 31E2825D2E1C429D00D846C2 /* MenuViewValidation.swift */; };
		31E282612E1C6A3E00D846C2 /* ModelService+Models.swift in Sources */ = {isa = PBXBuildFile; fileRef = 31E282602E1C6A3E00D846C2 /* ModelService+Models.swift */; };
		31F8533F2D9C8D5C0020CFA5 /* EngineService.swift in Sources */ = {isa = PBXBuildFile; fileRef = 31F8533E2D9C8D5C0020CFA5 /* EngineService.swift */; };
		31F955C52DAF17B900E34111 /* AppDelegate.swift in Sources */ = {isa = PBXBuildFile; fileRef = 31F955C42DAF17B900E34111 /* AppDelegate.swift */; };
		31F955C72DAF24D100E34111 /* KeychainService.swift in Sources */ = {isa = PBXBuildFile; fileRef = 31F955C62DAF24D100E34111 /* KeychainService.swift */; };
		31F955C92DAF260A00E34111 /* AuthState.swift in Sources */ = {isa = PBXBuildFile; fileRef = 31F955C82DAF260A00E34111 /* AuthState.swift */; };
		3CA2CD203244BAD5EDA28C79 /* Pods_mimik_ai_chat.framework in Frameworks */ = {isa = PBXBuildFile; fileRef = D43BA23958BCC159AA11CD80 /* Pods_mimik_ai_chat.framework */; };
/* End PBXBuildFile section */

/* Begin PBXFileReference section */
		31020B472C9B8E4900FF3530 /* config-model-05-gemma11.json */ = {isa = PBXFileReference; lastKnownFileType = text.json; path = "config-model-05-gemma11.json"; sourceTree = "<group>"; };
		31020B482C9B8E4900FF3530 /* config-developer-id-token */ = {isa = PBXFileReference; lastKnownFileType = text; path = "config-developer-id-token"; sourceTree = "<group>"; };
		31020B492C9B8E4900FF3530 /* config-developer-mim-OE-license */ = {isa = PBXFileReference; lastKnownFileType = text; path = "config-developer-mim-OE-license"; sourceTree = "<group>"; };
		31020B4A2C9B8E4900FF3530 /* config-mimik-ai-use-case-api-key */ = {isa = PBXFileReference; lastKnownFileType = text; path = "config-mimik-ai-use-case-api-key"; sourceTree = "<group>"; };
		310311722C2375C5000FBC94 /* AddModelView.swift */ = {isa = PBXFileReference; fileEncoding = 4; lastKnownFileType = sourcecode.swift; path = AddModelView.swift; sourceTree = "<group>"; };
		310784B82E037CC500E200DA /* TokenInputView.swift */ = {isa = PBXFileReference; lastKnownFileType = sourcecode.swift; path = TokenInputView.swift; sourceTree = "<group>"; };
		310F15712DA444EC00DDD8D1 /* ColourText.swift */ = {isa = PBXFileReference; lastKnownFileType = sourcecode.swift; path = ColourText.swift; sourceTree = "<group>"; };
		310F15732DA4564100DDD8D1 /* ModelButton.swift */ = {isa = PBXFileReference; lastKnownFileType = sourcecode.swift; path = ModelButton.swift; sourceTree = "<group>"; };
		310F15772DA468B700DDD8D1 /* LabeledTextField.swift */ = {isa = PBXFileReference; lastKnownFileType = sourcecode.swift; path = LabeledTextField.swift; sourceTree = "<group>"; };
		310F211A2E1878B200280D7B /* TokenInputStackView.swift */ = {isa = PBXFileReference; lastKnownFileType = sourcecode.swift; path = TokenInputStackView.swift; sourceTree = "<group>"; };
		3117D93D2D8E052A009D329F /* Extensions.swift */ = {isa = PBXFileReference; lastKnownFileType = sourcecode.swift; path = Extensions.swift; sourceTree = "<group>"; };
		3117D93F2D8E09F8009D329F /* TopTitleStackView.swift */ = {isa = PBXFileReference; lastKnownFileType = sourcecode.swift; path = TopTitleStackView.swift; sourceTree = "<group>"; };
		3117D9412D8E0D56009D329F /* ChatMessagesView.swift */ = {isa = PBXFileReference; lastKnownFileType = sourcecode.swift; path = ChatMessagesView.swift; sourceTree = "<group>"; };
		3117D9452D8E0D9C009D329F /* GradientMessageView.swift */ = {isa = PBXFileReference; lastKnownFileType = sourcecode.swift; path = GradientMessageView.swift; sourceTree = "<group>"; };
		31211A1C2D9DA7A400CEB964 /* ModelService.swift */ = {isa = PBXFileReference; lastKnownFileType = sourcecode.swift; path = ModelService.swift; sourceTree = "<group>"; };
		31233BF52D9C515F0037E342 /* AppState.swift */ = {isa = PBXFileReference; lastKnownFileType = sourcecode.swift; path = AppState.swift; sourceTree = "<group>"; };
		3124B5222C2203130081246C /* BorderTextFieldModifier.swift */ = {isa = PBXFileReference; fileEncoding = 4; lastKnownFileType = sourcecode.swift; path = BorderTextFieldModifier.swift; sourceTree = "<group>"; };
		31328FF32E2AAA6500C5246D /* ModelService+Services.swift */ = {isa = PBXFileReference; lastKnownFileType = sourcecode.swift; path = "ModelService+Services.swift"; sourceTree = "<group>"; };
		3132EAC92D88D5B100024720 /* FileTypeCategory.swift */ = {isa = PBXFileReference; lastKnownFileType = sourcecode.swift; path = FileTypeCategory.swift; sourceTree = "<group>"; };
		314C52F52D665D4500249984 /* ConfigService.swift */ = {isa = PBXFileReference; lastKnownFileType = sourcecode.swift; path = ConfigService.swift; sourceTree = "<group>"; };
		314DBF612E0DEE1100D3DEBF /* KeyboardAdaptive.swift */ = {isa = PBXFileReference; lastKnownFileType = sourcecode.swift; path = KeyboardAdaptive.swift; sourceTree = "<group>"; };
		31629A4C2D8A1B67004F8243 /* PhotoPicker.swift */ = {isa = PBXFileReference; lastKnownFileType = sourcecode.swift; path = PhotoPicker.swift; sourceTree = "<group>"; };
		31629A502D8A2784004F8243 /* InputOptionsView.swift */ = {isa = PBXFileReference; lastKnownFileType = sourcecode.swift; path = InputOptionsView.swift; sourceTree = "<group>"; };
		31629A522D8A2A28004F8243 /* MenuViewPrompt.swift */ = {isa = PBXFileReference; lastKnownFileType = sourcecode.swift; path = MenuViewPrompt.swift; sourceTree = "<group>"; };
		316764272D8B45ED004D7441 /* BottomStackView.swift */ = {isa = PBXFileReference; lastKnownFileType = sourcecode.swift; path = BottomStackView.swift; sourceTree = "<group>"; };
		316764292D8B462A004D7441 /* BottomUserInputView.swift */ = {isa = PBXFileReference; lastKnownFileType = sourcecode.swift; path = BottomUserInputView.swift; sourceTree = "<group>"; };
		316EE3C02D91FEB600087316 /* MetallicText.swift */ = {isa = PBXFileReference; lastKnownFileType = sourcecode.swift; path = MetallicText.swift; sourceTree = "<group>"; };
		31701DB02E0B1F6B00AABF64 /* ModelService+Streams.swift */ = {isa = PBXFileReference; lastKnownFileType = sourcecode.swift; path = "ModelService+Streams.swift"; sourceTree = "<group>"; };
		3179E40C2E26CDDD00EB2A58 /* ServiceDropdownPicker.swift */ = {isa = PBXFileReference; lastKnownFileType = sourcecode.swift; path = ServiceDropdownPicker.swift; sourceTree = "<group>"; };
		317F4A2D2C10CCF3006F5F5F /* Agentix Play.app */ = {isa = PBXFileReference; explicitFileType = wrapper.application; includeInIndex = 0; path = "Agentix Play.app"; sourceTree = BUILT_PRODUCTS_DIR; };
		317F4A302C10CCF3006F5F5F /* aichat_app_iOSApp.swift */ = {isa = PBXFileReference; lastKnownFileType = sourcecode.swift; path = aichat_app_iOSApp.swift; sourceTree = "<group>"; };
		317F4A322C10CCF3006F5F5F /* ContentView.swift */ = {isa = PBXFileReference; lastKnownFileType = sourcecode.swift; path = ContentView.swift; sourceTree = "<group>"; };
		317F4A342C10CCF4006F5F5F /* Assets.xcassets */ = {isa = PBXFileReference; lastKnownFileType = folder.assetcatalog; path = Assets.xcassets; sourceTree = "<group>"; };
		317F4A372C10CCF4006F5F5F /* Preview Assets.xcassets */ = {isa = PBXFileReference; lastKnownFileType = folder.assetcatalog; path = "Preview Assets.xcassets"; sourceTree = "<group>"; };
		319620592CD27C2D00ADE960 /* config-model-04-gemma2b.json */ = {isa = PBXFileReference; lastKnownFileType = text.json; path = "config-model-04-gemma2b.json"; sourceTree = "<group>"; };
		31A007042D91BFF800A88B0F /* CustomBackgroundModifier.swift */ = {isa = PBXFileReference; lastKnownFileType = sourcecode.swift; path = CustomBackgroundModifier.swift; sourceTree = "<group>"; };
		31A8533E2D2DAB8C00E6983D /* config-model-03-llama3b.json */ = {isa = PBXFileReference; lastKnownFileType = text.json; path = "config-model-03-llama3b.json"; sourceTree = "<group>"; };
		31A8533F2D2DAB8C00E6983D /* config-model-01-mistral7b.json */ = {isa = PBXFileReference; lastKnownFileType = text.json; path = "config-model-01-mistral7b.json"; sourceTree = "<group>"; };
		31D383022C24BAEE002CE163 /* Info.plist */ = {isa = PBXFileReference; lastKnownFileType = text.plist.xml; path = Info.plist; sourceTree = "<group>"; };
		31D4A9792D39BA0300639FA1 /* config-model-02-llava7b.json */ = {isa = PBXFileReference; lastKnownFileType = text.json; path = "config-model-02-llava7b.json"; sourceTree = "<group>"; };
		31DA27122D834D8800540C89 /* milm-v1-1.9.1.tar */ = {isa = PBXFileReference; lastKnownFileType = archive.tar; path = "milm-v1-1.9.1.tar"; sourceTree = "<group>"; };
		31DA27ED2D834F0800540C89 /* mimik-ai-use-case-config.json */ = {isa = PBXFileReference; lastKnownFileType = text.json; path = "mimik-ai-use-case-config.json"; sourceTree = "<group>"; };
		31DFA6DD2E09FED7004AEAAB /* ModelService+Prompt.swift */ = {isa = PBXFileReference; lastKnownFileType = sourcecode.swift; path = "ModelService+Prompt.swift"; sourceTree = "<group>"; };
		31E2825B2E1C38B800D846C2 /* AxisLayout.swift */ = {isa = PBXFileReference; lastKnownFileType = sourcecode.swift; path = AxisLayout.swift; sourceTree = "<group>"; };
		31E2825D2E1C429D00D846C2 /* MenuViewValidation.swift */ = {isa = PBXFileReference; lastKnownFileType = sourcecode.swift; path = MenuViewValidation.swift; sourceTree = "<group>"; };
		31E282602E1C6A3E00D846C2 /* ModelService+Models.swift */ = {isa = PBXFileReference; lastKnownFileType = sourcecode.swift; path = "ModelService+Models.swift"; sourceTree = "<group>"; };
		31F8533E2D9C8D5C0020CFA5 /* EngineService.swift */ = {isa = PBXFileReference; lastKnownFileType = sourcecode.swift; path = EngineService.swift; sourceTree = "<group>"; };
		31F955C42DAF17B900E34111 /* AppDelegate.swift */ = {isa = PBXFileReference; lastKnownFileType = sourcecode.swift; path = AppDelegate.swift; sourceTree = "<group>"; };
		31F955C62DAF24D100E34111 /* KeychainService.swift */ = {isa = PBXFileReference; lastKnownFileType = sourcecode.swift; path = KeychainService.swift; sourceTree = "<group>"; };
		31F955C82DAF260A00E34111 /* AuthState.swift */ = {isa = PBXFileReference; lastKnownFileType = sourcecode.swift; path = AuthState.swift; sourceTree = "<group>"; };
		5C3CD1A6EE92398C7D1A0408 /* Pods-mimik-ai-chat.release.xcconfig */ = {isa = PBXFileReference; includeInIndex = 1; lastKnownFileType = text.xcconfig; name = "Pods-mimik-ai-chat.release.xcconfig"; path = "Target Support Files/Pods-mimik-ai-chat/Pods-mimik-ai-chat.release.xcconfig"; sourceTree = "<group>"; };
		D43BA23958BCC159AA11CD80 /* Pods_mimik_ai_chat.framework */ = {isa = PBXFileReference; explicitFileType = wrapper.framework; includeInIndex = 0; path = Pods_mimik_ai_chat.framework; sourceTree = BUILT_PRODUCTS_DIR; };
		F10ABCEEC556592D669FC2D5 /* Pods-mimik-ai-chat.debug.xcconfig */ = {isa = PBXFileReference; includeInIndex = 1; lastKnownFileType = text.xcconfig; name = "Pods-mimik-ai-chat.debug.xcconfig"; path = "Target Support Files/Pods-mimik-ai-chat/Pods-mimik-ai-chat.debug.xcconfig"; sourceTree = "<group>"; };
/* End PBXFileReference section */

/* Begin PBXFrameworksBuildPhase section */
		317F4A2A2C10CCF3006F5F5F /* Frameworks */ = {
			isa = PBXFrameworksBuildPhase;
			buildActionMask = 2147483647;
			files = (
				3CA2CD203244BAD5EDA28C79 /* Pods_mimik_ai_chat.framework in Frameworks */,
			);
			runOnlyForDeploymentPostprocessing = 0;
		};
/* End PBXFrameworksBuildPhase section */

/* Begin PBXGroup section */
		02809D8826C20386B7115CC8 /* Pods */ = {
			isa = PBXGroup;
			children = (
				F10ABCEEC556592D669FC2D5 /* Pods-mimik-ai-chat.debug.xcconfig */,
				5C3CD1A6EE92398C7D1A0408 /* Pods-mimik-ai-chat.release.xcconfig */,
			);
			path = Pods;
			sourceTree = "<group>";
		};
		3179E40B2E26CCF600EB2A58 /* Model Configs */ = {
			isa = PBXGroup;
			children = (
				31A8533F2D2DAB8C00E6983D /* config-model-01-mistral7b.json */,
				31D4A9792D39BA0300639FA1 /* config-model-02-llava7b.json */,
				31A8533E2D2DAB8C00E6983D /* config-model-03-llama3b.json */,
				319620592CD27C2D00ADE960 /* config-model-04-gemma2b.json */,
				31020B472C9B8E4900FF3530 /* config-model-05-gemma11.json */,
			);
			path = "Model Configs";
			sourceTree = "<group>";
		};
		317F4A242C10CCF3006F5F5F = {
			isa = PBXGroup;
			children = (
				31DA27122D834D8800540C89 /* milm-v1-1.9.1.tar */,
				31020B482C9B8E4900FF3530 /* config-developer-id-token */,
				31020B492C9B8E4900FF3530 /* config-developer-mim-OE-license */,
				31020B4A2C9B8E4900FF3530 /* config-mimik-ai-use-case-api-key */,
				31DA27ED2D834F0800540C89 /* mimik-ai-use-case-config.json */,
				3179E40B2E26CCF600EB2A58 /* Model Configs */,
				317F4A2F2C10CCF3006F5F5F /* mimik-ai-chat */,
				317F4A2E2C10CCF3006F5F5F /* Products */,
				02809D8826C20386B7115CC8 /* Pods */,
				4F5B747700B84B6B25750A3D /* Frameworks */,
			);
			sourceTree = "<group>";
		};
		317F4A2E2C10CCF3006F5F5F /* Products */ = {
			isa = PBXGroup;
			children = (
				317F4A2D2C10CCF3006F5F5F /* Agentix Play.app */,
			);
			name = Products;
			sourceTree = "<group>";
		};
		317F4A2F2C10CCF3006F5F5F /* mimik-ai-chat */ = {
			isa = PBXGroup;
			children = (
				317F4A302C10CCF3006F5F5F /* aichat_app_iOSApp.swift */,
				31F955C42DAF17B900E34111 /* AppDelegate.swift */,
				31F8E9512DA048AF005D6C41 /* Services */,
				31F8E94F2DA04848005D6C41 /* Views */,
				31F8E9522DA04965005D6C41 /* ViewModifiers */,
				31F8E9532DA04A58005D6C41 /* Misc */,
				31D383022C24BAEE002CE163 /* Info.plist */,
				317F4A342C10CCF4006F5F5F /* Assets.xcassets */,
				317F4A362C10CCF4006F5F5F /* Preview Content */,
			);
			path = "mimik-ai-chat";
			sourceTree = "<group>";
		};
		317F4A362C10CCF4006F5F5F /* Preview Content */ = {
			isa = PBXGroup;
			children = (
				317F4A372C10CCF4006F5F5F /* Preview Assets.xcassets */,
			);
			path = "Preview Content";
			sourceTree = "<group>";
		};
		31F8E94F2DA04848005D6C41 /* Views */ = {
			isa = PBXGroup;
			children = (
				317F4A322C10CCF3006F5F5F /* ContentView.swift */,
				3117D93F2D8E09F8009D329F /* TopTitleStackView.swift */,
				310F211A2E1878B200280D7B /* TokenInputStackView.swift */,
				31629A522D8A2A28004F8243 /* MenuViewPrompt.swift */,
				31E2825D2E1C429D00D846C2 /* MenuViewValidation.swift */,
				3179E40C2E26CDDD00EB2A58 /* ServiceDropdownPicker.swift */,
				310784B82E037CC500E200DA /* TokenInputView.swift */,
				310311722C2375C5000FBC94 /* AddModelView.swift */,
				310F15732DA4564100DDD8D1 /* ModelButton.swift */,
				316764272D8B45ED004D7441 /* BottomStackView.swift */,
				310F15772DA468B700DDD8D1 /* LabeledTextField.swift */,
				316764292D8B462A004D7441 /* BottomUserInputView.swift */,
				31E2825B2E1C38B800D846C2 /* AxisLayout.swift */,
				31629A502D8A2784004F8243 /* InputOptionsView.swift */,
				314DBF612E0DEE1100D3DEBF /* KeyboardAdaptive.swift */,
				3117D9412D8E0D56009D329F /* ChatMessagesView.swift */,
				3117D9452D8E0D9C009D329F /* GradientMessageView.swift */,
				316EE3C02D91FEB600087316 /* MetallicText.swift */,
				310F15712DA444EC00DDD8D1 /* ColourText.swift */,
				31629A4C2D8A1B67004F8243 /* PhotoPicker.swift */,
			);
			path = Views;
			sourceTree = "<group>";
		};
		31F8E9512DA048AF005D6C41 /* Services */ = {
			isa = PBXGroup;
			children = (
				31F8533E2D9C8D5C0020CFA5 /* EngineService.swift */,
				31233BF52D9C515F0037E342 /* AppState.swift */,
				31F955C82DAF260A00E34111 /* AuthState.swift */,
				31F955C62DAF24D100E34111 /* KeychainService.swift */,
				314C52F52D665D4500249984 /* ConfigService.swift */,
				31211A1C2D9DA7A400CEB964 /* ModelService.swift */,
				31328FF32E2AAA6500C5246D /* ModelService+Services.swift */,
				31E282602E1C6A3E00D846C2 /* ModelService+Models.swift */,
				31DFA6DD2E09FED7004AEAAB /* ModelService+Prompt.swift */,
				31701DB02E0B1F6B00AABF64 /* ModelService+Streams.swift */,
			);
			path = Services;
			sourceTree = "<group>";
		};
		31F8E9522DA04965005D6C41 /* ViewModifiers */ = {
			isa = PBXGroup;
			children = (
				3124B5222C2203130081246C /* BorderTextFieldModifier.swift */,
				31A007042D91BFF800A88B0F /* CustomBackgroundModifier.swift */,
			);
			path = ViewModifiers;
			sourceTree = "<group>";
		};
		31F8E9532DA04A58005D6C41 /* Misc */ = {
			isa = PBXGroup;
			children = (
				3132EAC92D88D5B100024720 /* FileTypeCategory.swift */,
				3117D93D2D8E052A009D329F /* Extensions.swift */,
			);
			path = Misc;
			sourceTree = "<group>";
		};
		4F5B747700B84B6B25750A3D /* Frameworks */ = {
			isa = PBXGroup;
			children = (
				D43BA23958BCC159AA11CD80 /* Pods_mimik_ai_chat.framework */,
			);
			name = Frameworks;
			sourceTree = "<group>";
		};
/* End PBXGroup section */

/* Begin PBXNativeTarget section */
		317F4A2C2C10CCF3006F5F5F /* mimik-ai-chat */ = {
			isa = PBXNativeTarget;
			buildConfigurationList = 317F4A3B2C10CCF4006F5F5F /* Build configuration list for PBXNativeTarget "mimik-ai-chat" */;
			buildPhases = (
				78FFD1E882E1BF170CE5CF1A /* [CP] Check Pods Manifest.lock */,
				317F4A292C10CCF3006F5F5F /* Sources */,
				317F4A2A2C10CCF3006F5F5F /* Frameworks */,
				317F4A2B2C10CCF3006F5F5F /* Resources */,
				44A8AACC8D4B619FF9C59164 /* [CP] Embed Pods Frameworks */,
			);
			buildRules = (
			);
			dependencies = (
			);
			name = "mimik-ai-chat";
			productName = "aichat-app-iOS";
			productReference = 317F4A2D2C10CCF3006F5F5F /* Agentix Play.app */;
			productType = "com.apple.product-type.application";
		};
/* End PBXNativeTarget section */

/* Begin PBXProject section */
		317F4A252C10CCF3006F5F5F /* Project object */ = {
			isa = PBXProject;
			attributes = {
				BuildIndependentTargetsInParallel = 1;
				LastSwiftUpdateCheck = 1530;
				LastUpgradeCheck = 1530;
				TargetAttributes = {
					317F4A2C2C10CCF3006F5F5F = {
						CreatedOnToolsVersion = 15.3;
					};
				};
			};
			buildConfigurationList = 317F4A282C10CCF3006F5F5F /* Build configuration list for PBXProject "mimik-ai-chat" */;
			compatibilityVersion = "Xcode 14.0";
			developmentRegion = en;
			hasScannedForEncodings = 0;
			knownRegions = (
				en,
				Base,
			);
			mainGroup = 317F4A242C10CCF3006F5F5F;
			productRefGroup = 317F4A2E2C10CCF3006F5F5F /* Products */;
			projectDirPath = "";
			projectRoot = "";
			targets = (
				317F4A2C2C10CCF3006F5F5F /* mimik-ai-chat */,
			);
		};
/* End PBXProject section */

/* Begin PBXResourcesBuildPhase section */
		317F4A2B2C10CCF3006F5F5F /* Resources */ = {
			isa = PBXResourcesBuildPhase;
			buildActionMask = 2147483647;
			files = (
				3196205A2CD27C2D00ADE960 /* config-model-04-gemma2b.json in Resources */,
				31DA27132D834D8800540C89 /* milm-v1-1.9.1.tar in Resources */,
				31020B4C2C9B8E4900FF3530 /* config-model-05-gemma11.json in Resources */,
				31020B4D2C9B8E4900FF3530 /* config-developer-id-token in Resources */,
				31A853402D2DAB8C00E6983D /* config-model-03-llama3b.json in Resources */,
				31DA27EE2D834F0800540C89 /* mimik-ai-use-case-config.json in Resources */,
				31A853412D2DAB8C00E6983D /* config-model-01-mistral7b.json in Resources */,
				31020B4F2C9B8E4900FF3530 /* config-developer-mim-OE-license in Resources */,
				31020B502C9B8E4900FF3530 /* config-mimik-ai-use-case-api-key in Resources */,
				31D4A97A2D39BA0300639FA1 /* config-model-02-llava7b.json in Resources */,
				317F4A382C10CCF4006F5F5F /* Preview Assets.xcassets in Resources */,
				317F4A352C10CCF4006F5F5F /* Assets.xcassets in Resources */,
			);
			runOnlyForDeploymentPostprocessing = 0;
		};
/* End PBXResourcesBuildPhase section */

/* Begin PBXShellScriptBuildPhase section */
		44A8AACC8D4B619FF9C59164 /* [CP] Embed Pods Frameworks */ = {
			isa = PBXShellScriptBuildPhase;
			buildActionMask = 2147483647;
			files = (
			);
			inputFileListPaths = (
				"${PODS_ROOT}/Target Support Files/Pods-mimik-ai-chat/Pods-mimik-ai-chat-frameworks-${CONFIGURATION}-input-files.xcfilelist",
			);
			inputPaths = (
			);
			name = "[CP] Embed Pods Frameworks";
			outputFileListPaths = (
				"${PODS_ROOT}/Target Support Files/Pods-mimik-ai-chat/Pods-mimik-ai-chat-frameworks-${CONFIGURATION}-output-files.xcfilelist",
			);
			outputPaths = (
			);
			runOnlyForDeploymentPostprocessing = 0;
			shellPath = /bin/sh;
			shellScript = "\"${PODS_ROOT}/Target Support Files/Pods-mimik-ai-chat/Pods-mimik-ai-chat-frameworks.sh\"\n";
			showEnvVarsInLog = 0;
		};
		78FFD1E882E1BF170CE5CF1A /* [CP] Check Pods Manifest.lock */ = {
			isa = PBXShellScriptBuildPhase;
			buildActionMask = 2147483647;
			files = (
			);
			inputFileListPaths = (
			);
			inputPaths = (
				"${PODS_PODFILE_DIR_PATH}/Podfile.lock",
				"${PODS_ROOT}/Manifest.lock",
			);
			name = "[CP] Check Pods Manifest.lock";
			outputFileListPaths = (
			);
			outputPaths = (
				"$(DERIVED_FILE_DIR)/Pods-mimik-ai-chat-checkManifestLockResult.txt",
			);
			runOnlyForDeploymentPostprocessing = 0;
			shellPath = /bin/sh;
			shellScript = "diff \"${PODS_PODFILE_DIR_PATH}/Podfile.lock\" \"${PODS_ROOT}/Manifest.lock\" > /dev/null\nif [ $? != 0 ] ; then\n    # print error to STDERR\n    echo \"error: The sandbox is not in sync with the Podfile.lock. Run 'pod install' or update your CocoaPods installation.\" >&2\n    exit 1\nfi\n# This output is used by Xcode 'outputs' to avoid re-running this script phase.\necho \"SUCCESS\" > \"${SCRIPT_OUTPUT_FILE_0}\"\n";
			showEnvVarsInLog = 0;
		};
/* End PBXShellScriptBuildPhase section */

/* Begin PBXSourcesBuildPhase section */
		317F4A292C10CCF3006F5F5F /* Sources */ = {
			isa = PBXSourcesBuildPhase;
			buildActionMask = 2147483647;
			files = (
				3124B5242C2203130081246C /* BorderTextFieldModifier.swift in Sources */,
				317F4A332C10CCF3006F5F5F /* ContentView.swift in Sources */,
				31233BF62D9C515F0037E342 /* AppState.swift in Sources */,
				310F15782DA468B700DDD8D1 /* LabeledTextField.swift in Sources */,
				3179E40D2E26CDDD00EB2A58 /* ServiceDropdownPicker.swift in Sources */,
				31F955C52DAF17B900E34111 /* AppDelegate.swift in Sources */,
				31F955C92DAF260A00E34111 /* AuthState.swift in Sources */,
				310F211B2E1878B200280D7B /* TokenInputStackView.swift in Sources */,
				3132EACA2D88D5B100024720 /* FileTypeCategory.swift in Sources */,
				3117D9462D8E0D9C009D329F /* GradientMessageView.swift in Sources */,
				317F4A312C10CCF3006F5F5F /* aichat_app_iOSApp.swift in Sources */,
				31E2825E2E1C429D00D846C2 /* MenuViewValidation.swift in Sources */,
				314DBF622E0DEE1100D3DEBF /* KeyboardAdaptive.swift in Sources */,
				31629A532D8A2A28004F8243 /* MenuViewPrompt.swift in Sources */,
				3117D9402D8E09F8009D329F /* TopTitleStackView.swift in Sources */,
				31328FF42E2AAA6500C5246D /* ModelService+Services.swift in Sources */,
				31629A512D8A2784004F8243 /* InputOptionsView.swift in Sources */,
				310F15742DA4564100DDD8D1 /* ModelButton.swift in Sources */,
				3117D9422D8E0D56009D329F /* ChatMessagesView.swift in Sources */,
				310F15722DA444EC00DDD8D1 /* ColourText.swift in Sources */,
				316EE3C12D91FEB600087316 /* MetallicText.swift in Sources */,
				31701DB12E0B1F6B00AABF64 /* ModelService+Streams.swift in Sources */,
				31F8533F2D9C8D5C0020CFA5 /* EngineService.swift in Sources */,
				31DFA6DE2E09FED7004AEAAB /* ModelService+Prompt.swift in Sources */,
				31211A1D2D9DA7A400CEB964 /* ModelService.swift in Sources */,
				31E282612E1C6A3E00D846C2 /* ModelService+Models.swift in Sources */,
				310311732C2375C5000FBC94 /* AddModelView.swift in Sources */,
				3117D93E2D8E052A009D329F /* Extensions.swift in Sources */,
				31F955C72DAF24D100E34111 /* KeychainService.swift in Sources */,
				31629A4D2D8A1B67004F8243 /* PhotoPicker.swift in Sources */,
				31E2825C2E1C38B800D846C2 /* AxisLayout.swift in Sources */,
				314C52F62D665D4500249984 /* ConfigService.swift in Sources */,
				310784B92E037CC500E200DA /* TokenInputView.swift in Sources */,
				31A007052D91BFF800A88B0F /* CustomBackgroundModifier.swift in Sources */,
				316764282D8B45ED004D7441 /* BottomStackView.swift in Sources */,
				3167642A2D8B462A004D7441 /* BottomUserInputView.swift in Sources */,
			);
			runOnlyForDeploymentPostprocessing = 0;
		};
/* End PBXSourcesBuildPhase section */

/* Begin XCBuildConfiguration section */
		317F4A392C10CCF4006F5F5F /* Debug */ = {
			isa = XCBuildConfiguration;
			buildSettings = {
				ALWAYS_SEARCH_USER_PATHS = NO;
				ASSETCATALOG_COMPILER_GENERATE_SWIFT_ASSET_SYMBOL_EXTENSIONS = YES;
				CLANG_ANALYZER_NONNULL = YES;
				CLANG_ANALYZER_NUMBER_OBJECT_CONVERSION = YES_AGGRESSIVE;
				CLANG_CXX_LANGUAGE_STANDARD = "gnu++20";
				CLANG_ENABLE_MODULES = YES;
				CLANG_ENABLE_OBJC_ARC = YES;
				CLANG_ENABLE_OBJC_WEAK = YES;
				CLANG_WARN_BLOCK_CAPTURE_AUTORELEASING = YES;
				CLANG_WARN_BOOL_CONVERSION = YES;
				CLANG_WARN_COMMA = YES;
				CLANG_WARN_CONSTANT_CONVERSION = YES;
				CLANG_WARN_DEPRECATED_OBJC_IMPLEMENTATIONS = YES;
				CLANG_WARN_DIRECT_OBJC_ISA_USAGE = YES_ERROR;
				CLANG_WARN_DOCUMENTATION_COMMENTS = YES;
				CLANG_WARN_EMPTY_BODY = YES;
				CLANG_WARN_ENUM_CONVERSION = YES;
				CLANG_WARN_INFINITE_RECURSION = YES;
				CLANG_WARN_INT_CONVERSION = YES;
				CLANG_WARN_NON_LITERAL_NULL_CONVERSION = YES;
				CLANG_WARN_OBJC_IMPLICIT_RETAIN_SELF = YES;
				CLANG_WARN_OBJC_LITERAL_CONVERSION = YES;
				CLANG_WARN_OBJC_ROOT_CLASS = YES_ERROR;
				CLANG_WARN_QUOTED_INCLUDE_IN_FRAMEWORK_HEADER = YES;
				CLANG_WARN_RANGE_LOOP_ANALYSIS = YES;
				CLANG_WARN_STRICT_PROTOTYPES = YES;
				CLANG_WARN_SUSPICIOUS_MOVE = YES;
				CLANG_WARN_UNGUARDED_AVAILABILITY = YES_AGGRESSIVE;
				CLANG_WARN_UNREACHABLE_CODE = YES;
				CLANG_WARN__DUPLICATE_METHOD_MATCH = YES;
				COPY_PHASE_STRIP = NO;
				DEBUG_INFORMATION_FORMAT = dwarf;
				ENABLE_STRICT_OBJC_MSGSEND = YES;
				ENABLE_TESTABILITY = YES;
				ENABLE_USER_SCRIPT_SANDBOXING = NO;
				GCC_C_LANGUAGE_STANDARD = gnu17;
				GCC_DYNAMIC_NO_PIC = NO;
				GCC_NO_COMMON_BLOCKS = YES;
				GCC_OPTIMIZATION_LEVEL = 0;
				GCC_PREPROCESSOR_DEFINITIONS = (
					"DEBUG=1",
					"$(inherited)",
				);
				GCC_WARN_64_TO_32_BIT_CONVERSION = YES;
				GCC_WARN_ABOUT_RETURN_TYPE = YES_ERROR;
				GCC_WARN_UNDECLARED_SELECTOR = YES;
				GCC_WARN_UNINITIALIZED_AUTOS = YES_AGGRESSIVE;
				GCC_WARN_UNUSED_FUNCTION = YES;
				GCC_WARN_UNUSED_VARIABLE = YES;
				IPHONEOS_DEPLOYMENT_TARGET = 17.0;
				LOCALIZATION_PREFERS_STRING_CATALOGS = YES;
				MACOSX_DEPLOYMENT_TARGET = 14.0;
				MTL_ENABLE_DEBUG_INFO = INCLUDE_SOURCE;
				MTL_FAST_MATH = YES;
				ONLY_ACTIVE_ARCH = YES;
				SDKROOT = iphoneos;
				SWIFT_ACTIVE_COMPILATION_CONDITIONS = "DEBUG $(inherited)";
				SWIFT_OPTIMIZATION_LEVEL = "-Onone";
				SWIFT_STRICT_CONCURRENCY = minimal;
				SWIFT_UPCOMING_FEATURE_CONCISE_MAGIC_FILE = YES;
				SWIFT_UPCOMING_FEATURE_DEPRECATE_APPLICATION_MAIN = YES;
				SWIFT_UPCOMING_FEATURE_DISABLE_OUTWARD_ACTOR_ISOLATION = YES;
				SWIFT_UPCOMING_FEATURE_EXISTENTIAL_ANY = YES;
				SWIFT_UPCOMING_FEATURE_FORWARD_TRAILING_CLOSURES = YES;
				SWIFT_UPCOMING_FEATURE_GLOBAL_CONCURRENCY = YES;
				SWIFT_UPCOMING_FEATURE_IMPLICIT_OPEN_EXISTENTIALS = YES;
				SWIFT_UPCOMING_FEATURE_IMPORT_OBJC_FORWARD_DECLS = YES;
				SWIFT_UPCOMING_FEATURE_INFER_SENDABLE_FROM_CAPTURES = YES;
				SWIFT_UPCOMING_FEATURE_INTERNAL_IMPORTS_BY_DEFAULT = YES;
				SWIFT_UPCOMING_FEATURE_ISOLATED_DEFAULT_VALUES = YES;
				TVOS_DEPLOYMENT_TARGET = 17.0;
				WATCHOS_DEPLOYMENT_TARGET = 10.0;
				XROS_DEPLOYMENT_TARGET = 1.1;
			};
			name = Debug;
		};
		317F4A3A2C10CCF4006F5F5F /* Release */ = {
			isa = XCBuildConfiguration;
			buildSettings = {
				ALWAYS_SEARCH_USER_PATHS = NO;
				ASSETCATALOG_COMPILER_GENERATE_SWIFT_ASSET_SYMBOL_EXTENSIONS = YES;
				CLANG_ANALYZER_NONNULL = YES;
				CLANG_ANALYZER_NUMBER_OBJECT_CONVERSION = YES_AGGRESSIVE;
				CLANG_CXX_LANGUAGE_STANDARD = "gnu++20";
				CLANG_ENABLE_MODULES = YES;
				CLANG_ENABLE_OBJC_ARC = YES;
				CLANG_ENABLE_OBJC_WEAK = YES;
				CLANG_WARN_BLOCK_CAPTURE_AUTORELEASING = YES;
				CLANG_WARN_BOOL_CONVERSION = YES;
				CLANG_WARN_COMMA = YES;
				CLANG_WARN_CONSTANT_CONVERSION = YES;
				CLANG_WARN_DEPRECATED_OBJC_IMPLEMENTATIONS = YES;
				CLANG_WARN_DIRECT_OBJC_ISA_USAGE = YES_ERROR;
				CLANG_WARN_DOCUMENTATION_COMMENTS = YES;
				CLANG_WARN_EMPTY_BODY = YES;
				CLANG_WARN_ENUM_CONVERSION = YES;
				CLANG_WARN_INFINITE_RECURSION = YES;
				CLANG_WARN_INT_CONVERSION = YES;
				CLANG_WARN_NON_LITERAL_NULL_CONVERSION = YES;
				CLANG_WARN_OBJC_IMPLICIT_RETAIN_SELF = YES;
				CLANG_WARN_OBJC_LITERAL_CONVERSION = YES;
				CLANG_WARN_OBJC_ROOT_CLASS = YES_ERROR;
				CLANG_WARN_QUOTED_INCLUDE_IN_FRAMEWORK_HEADER = YES;
				CLANG_WARN_RANGE_LOOP_ANALYSIS = YES;
				CLANG_WARN_STRICT_PROTOTYPES = YES;
				CLANG_WARN_SUSPICIOUS_MOVE = YES;
				CLANG_WARN_UNGUARDED_AVAILABILITY = YES_AGGRESSIVE;
				CLANG_WARN_UNREACHABLE_CODE = YES;
				CLANG_WARN__DUPLICATE_METHOD_MATCH = YES;
				COPY_PHASE_STRIP = NO;
				DEBUG_INFORMATION_FORMAT = "dwarf-with-dsym";
				ENABLE_NS_ASSERTIONS = NO;
				ENABLE_STRICT_OBJC_MSGSEND = YES;
				ENABLE_USER_SCRIPT_SANDBOXING = NO;
				GCC_C_LANGUAGE_STANDARD = gnu17;
				GCC_NO_COMMON_BLOCKS = YES;
				GCC_WARN_64_TO_32_BIT_CONVERSION = YES;
				GCC_WARN_ABOUT_RETURN_TYPE = YES_ERROR;
				GCC_WARN_UNDECLARED_SELECTOR = YES;
				GCC_WARN_UNINITIALIZED_AUTOS = YES_AGGRESSIVE;
				GCC_WARN_UNUSED_FUNCTION = YES;
				GCC_WARN_UNUSED_VARIABLE = YES;
				IPHONEOS_DEPLOYMENT_TARGET = 17.0;
				LOCALIZATION_PREFERS_STRING_CATALOGS = YES;
				MACOSX_DEPLOYMENT_TARGET = 14.0;
				MTL_ENABLE_DEBUG_INFO = NO;
				MTL_FAST_MATH = YES;
				SDKROOT = iphoneos;
				SWIFT_COMPILATION_MODE = wholemodule;
				SWIFT_STRICT_CONCURRENCY = minimal;
				SWIFT_UPCOMING_FEATURE_CONCISE_MAGIC_FILE = YES;
				SWIFT_UPCOMING_FEATURE_DEPRECATE_APPLICATION_MAIN = YES;
				SWIFT_UPCOMING_FEATURE_DISABLE_OUTWARD_ACTOR_ISOLATION = YES;
				SWIFT_UPCOMING_FEATURE_EXISTENTIAL_ANY = YES;
				SWIFT_UPCOMING_FEATURE_FORWARD_TRAILING_CLOSURES = YES;
				SWIFT_UPCOMING_FEATURE_GLOBAL_CONCURRENCY = YES;
				SWIFT_UPCOMING_FEATURE_IMPLICIT_OPEN_EXISTENTIALS = YES;
				SWIFT_UPCOMING_FEATURE_IMPORT_OBJC_FORWARD_DECLS = YES;
				SWIFT_UPCOMING_FEATURE_INFER_SENDABLE_FROM_CAPTURES = YES;
				SWIFT_UPCOMING_FEATURE_INTERNAL_IMPORTS_BY_DEFAULT = YES;
				SWIFT_UPCOMING_FEATURE_ISOLATED_DEFAULT_VALUES = YES;
				TVOS_DEPLOYMENT_TARGET = 17.0;
				VALIDATE_PRODUCT = YES;
				WATCHOS_DEPLOYMENT_TARGET = 10.0;
				XROS_DEPLOYMENT_TARGET = 1.1;
			};
			name = Release;
		};
		317F4A3C2C10CCF4006F5F5F /* Debug */ = {
			isa = XCBuildConfiguration;
			baseConfigurationReference = F10ABCEEC556592D669FC2D5 /* Pods-mimik-ai-chat.debug.xcconfig */;
			buildSettings = {
				ASSETCATALOG_COMPILER_APPICON_NAME = AppIcon;
				ASSETCATALOG_COMPILER_GLOBAL_ACCENT_COLOR_NAME = AccentColor;
				CODE_SIGN_STYLE = Automatic;
				CURRENT_PROJECT_VERSION = 1;
				DEVELOPMENT_ASSET_PATHS = "\"mimik-ai-chat/Preview Content\"";
				DEVELOPMENT_TEAM = GL288K3PB5;
				ENABLE_PREVIEWS = YES;
				ENABLE_USER_SCRIPT_SANDBOXING = NO;
				GENERATE_INFOPLIST_FILE = YES;
				INFOPLIST_FILE = "mimik-ai-chat/Info.plist";
				INFOPLIST_KEY_ITSAppUsesNonExemptEncryption = NO;
				INFOPLIST_KEY_NSLocalNetworkUsageDescription = "This app needs to discover devices on your local network.";
				INFOPLIST_KEY_UIApplicationSceneManifest_Generation = YES;
				INFOPLIST_KEY_UIApplicationSupportsIndirectInputEvents = YES;
				INFOPLIST_KEY_UILaunchScreen_Generation = YES;
				INFOPLIST_KEY_UISupportedInterfaceOrientations = UIInterfaceOrientationPortrait;
				INFOPLIST_KEY_UISupportedInterfaceOrientations_iPad = "UIInterfaceOrientationLandscapeLeft UIInterfaceOrientationLandscapeRight UIInterfaceOrientationPortrait UIInterfaceOrientationPortraitUpsideDown";
				IPHONEOS_DEPLOYMENT_TARGET = 18.0;
				LD_RUNPATH_SEARCH_PATHS = (
					"$(inherited)",
					"@executable_path/Frameworks",
				);
				MARKETING_VERSION = 1.0;
				PRODUCT_BUNDLE_IDENTIFIER = "com.mimik.ios-ai-chat";
				PRODUCT_NAME = "Agentix Play";
				SWIFT_EMIT_LOC_STRINGS = YES;
				SWIFT_VERSION = 5.0;
				TARGETED_DEVICE_FAMILY = "1,2";
			};
			name = Debug;
		};
		317F4A3D2C10CCF4006F5F5F /* Release */ = {
			isa = XCBuildConfiguration;
			baseConfigurationReference = 5C3CD1A6EE92398C7D1A0408 /* Pods-mimik-ai-chat.release.xcconfig */;
			buildSettings = {
				ASSETCATALOG_COMPILER_APPICON_NAME = AppIcon;
				ASSETCATALOG_COMPILER_GLOBAL_ACCENT_COLOR_NAME = AccentColor;
				CODE_SIGN_STYLE = Automatic;
				CURRENT_PROJECT_VERSION = 1;
				DEVELOPMENT_ASSET_PATHS = "\"mimik-ai-chat/Preview Content\"";
				DEVELOPMENT_TEAM = GL288K3PB5;
				ENABLE_PREVIEWS = YES;
				ENABLE_USER_SCRIPT_SANDBOXING = NO;
				GENERATE_INFOPLIST_FILE = YES;
				INFOPLIST_FILE = "mimik-ai-chat/Info.plist";
				INFOPLIST_KEY_ITSAppUsesNonExemptEncryption = NO;
				INFOPLIST_KEY_NSLocalNetworkUsageDescription = "This app needs to discover devices on your local network.";
				INFOPLIST_KEY_UIApplicationSceneManifest_Generation = YES;
				INFOPLIST_KEY_UIApplicationSupportsIndirectInputEvents = YES;
				INFOPLIST_KEY_UILaunchScreen_Generation = YES;
				INFOPLIST_KEY_UISupportedInterfaceOrientations = UIInterfaceOrientationPortrait;
				INFOPLIST_KEY_UISupportedInterfaceOrientations_iPad = "UIInterfaceOrientationLandscapeLeft UIInterfaceOrientationLandscapeRight UIInterfaceOrientationPortrait UIInterfaceOrientationPortraitUpsideDown";
				IPHONEOS_DEPLOYMENT_TARGET = 18.0;
				LD_RUNPATH_SEARCH_PATHS = (
					"$(inherited)",
					"@executable_path/Frameworks",
				);
				MARKETING_VERSION = 1.0;
				PRODUCT_BUNDLE_IDENTIFIER = "com.mimik.ios-ai-chat";
				PRODUCT_NAME = "Agentix Play";
				SWIFT_EMIT_LOC_STRINGS = YES;
				SWIFT_VERSION = 5.0;
				TARGETED_DEVICE_FAMILY = "1,2";
			};
			name = Release;
		};
/* End XCBuildConfiguration section */

/* Begin XCConfigurationList section */
		317F4A282C10CCF3006F5F5F /* Build configuration list for PBXProject "mimik-ai-chat" */ = {
			isa = XCConfigurationList;
			buildConfigurations = (
				317F4A392C10CCF4006F5F5F /* Debug */,
				317F4A3A2C10CCF4006F5F5F /* Release */,
			);
			defaultConfigurationIsVisible = 0;
			defaultConfigurationName = Release;
		};
		317F4A3B2C10CCF4006F5F5F /* Build configuration list for PBXNativeTarget "mimik-ai-chat" */ = {
			isa = XCConfigurationList;
			buildConfigurations = (
				317F4A3C2C10CCF4006F5F5F /* Debug */,
				317F4A3D2C10CCF4006F5F5F /* Release */,
			);
			defaultConfigurationIsVisible = 0;
			defaultConfigurationName = Release;
		};
/* End XCConfigurationList section */
	};
	rootObject = 317F4A252C10CCF3006F5F5F /* Project object */;
}
